// !$*UTF8*$!
{
	archiveVersion = 1;
	classes = {
	};
	objectVersion = 50;
	objects = {

/* Begin PBXBuildFile section */
		0306B890218DE8DC00566407 /* AppDelegate.swift in Sources */ = {isa = PBXBuildFile; fileRef = 0306B885218DE8DC00566407 /* AppDelegate.swift */; };
		0306B891218DE8DC00566407 /* SearchRepositoryViewController.swift in Sources */ = {isa = PBXBuildFile; fileRef = 0306B887218DE8DC00566407 /* SearchRepositoryViewController.swift */; };
		0306B893218DE8DC00566407 /* Assets.xcassets in Resources */ = {isa = PBXBuildFile; fileRef = 0306B88B218DE8DC00566407 /* Assets.xcassets */; };
		0306B894218DE8DC00566407 /* LaunchScreen.storyboard in Resources */ = {isa = PBXBuildFile; fileRef = 0306B88C218DE8DC00566407 /* LaunchScreen.storyboard */; };
		0306B895218DE8DC00566407 /* Main.storyboard in Resources */ = {isa = PBXBuildFile; fileRef = 0306B88E218DE8DC00566407 /* Main.storyboard */; };
		0306B89A218DEC3E00566407 /* main.swift in Sources */ = {isa = PBXBuildFile; fileRef = 0306B899218DEC3E00566407 /* main.swift */; };
		0306B89F218DECB800566407 /* RepositoryService.swift in Sources */ = {isa = PBXBuildFile; fileRef = 0306B89E218DECB800566407 /* RepositoryService.swift */; };
		0306B8A2218DF20400566407 /* Repository.swift in Sources */ = {isa = PBXBuildFile; fileRef = 0306B8A1218DF20400566407 /* Repository.swift */; };
		0306B8A4218DF38C00566407 /* RepositorySearchResult.swift in Sources */ = {isa = PBXBuildFile; fileRef = 0306B8A3218DF38C00566407 /* RepositorySearchResult.swift */; };
		0306B8AC218E0A9700566407 /* SearchRepositoryViewControllerTests.swift in Sources */ = {isa = PBXBuildFile; fileRef = 0306B8A9218E0A9700566407 /* SearchRepositoryViewControllerTests.swift */; };
		0306B8AE218E0B1300566407 /* RepositoryServiceTests.swift in Sources */ = {isa = PBXBuildFile; fileRef = 0306B8AD218E0B1300566407 /* RepositoryServiceTests.swift */; };
		03D50B32218F0073002C5620 /* SessionManagerProtocol.swift in Sources */ = {isa = PBXBuildFile; fileRef = 03D50B31218F0073002C5620 /* SessionManagerProtocol.swift */; };
		7DEDB08F26F2791CAB6CFDE6 /* Pods_LetsGitHubSearch.framework in Frameworks */ = {isa = PBXBuildFile; fileRef = 480F7FE20F7BB41D7F915684 /* Pods_LetsGitHubSearch.framework */; };
		BF481774DC897864A2C3D9EF /* Pods_LetsGitHubSearchTests.framework in Frameworks */ = {isa = PBXBuildFile; fileRef = 7BA57C27E62C89C4F9D61B6A /* Pods_LetsGitHubSearchTests.framework */; };
/* End PBXBuildFile section */

/* Begin PBXContainerItemProxy section */
		0349035A218DE57200BD31FB /* PBXContainerItemProxy */ = {
			isa = PBXContainerItemProxy;
			containerPortal = 0349033D218DE57100BD31FB /* Project object */;
			proxyType = 1;
			remoteGlobalIDString = 03490344218DE57100BD31FB;
			remoteInfo = LetsGitHubSearch;
		};
/* End PBXContainerItemProxy section */

/* Begin PBXFileReference section */
		0306B885218DE8DC00566407 /* AppDelegate.swift */ = {isa = PBXFileReference; fileEncoding = 4; lastKnownFileType = sourcecode.swift; path = AppDelegate.swift; sourceTree = "<group>"; };
		0306B887218DE8DC00566407 /* SearchRepositoryViewController.swift */ = {isa = PBXFileReference; fileEncoding = 4; lastKnownFileType = sourcecode.swift; path = SearchRepositoryViewController.swift; sourceTree = "<group>"; };
		0306B889218DE8DC00566407 /* Info.plist */ = {isa = PBXFileReference; fileEncoding = 4; lastKnownFileType = text.plist.xml; path = Info.plist; sourceTree = "<group>"; };
		0306B88B218DE8DC00566407 /* Assets.xcassets */ = {isa = PBXFileReference; lastKnownFileType = folder.assetcatalog; path = Assets.xcassets; sourceTree = "<group>"; };
		0306B88D218DE8DC00566407 /* Base */ = {isa = PBXFileReference; lastKnownFileType = file.storyboard; name = Base; path = Base.lproj/LaunchScreen.storyboard; sourceTree = "<group>"; };
		0306B88F218DE8DC00566407 /* Base */ = {isa = PBXFileReference; lastKnownFileType = file.storyboard; name = Base; path = Base.lproj/Main.storyboard; sourceTree = "<group>"; };
		0306B899218DEC3E00566407 /* main.swift */ = {isa = PBXFileReference; lastKnownFileType = sourcecode.swift; path = main.swift; sourceTree = "<group>"; };
		0306B89E218DECB800566407 /* RepositoryService.swift */ = {isa = PBXFileReference; lastKnownFileType = sourcecode.swift; path = RepositoryService.swift; sourceTree = "<group>"; };
		0306B8A1218DF20400566407 /* Repository.swift */ = {isa = PBXFileReference; lastKnownFileType = sourcecode.swift; path = Repository.swift; sourceTree = "<group>"; };
		0306B8A3218DF38C00566407 /* RepositorySearchResult.swift */ = {isa = PBXFileReference; lastKnownFileType = sourcecode.swift; path = RepositorySearchResult.swift; sourceTree = "<group>"; };
		0306B8A6218E0A9700566407 /* Info.plist */ = {isa = PBXFileReference; fileEncoding = 4; lastKnownFileType = text.plist.xml; path = Info.plist; sourceTree = "<group>"; };
		0306B8A9218E0A9700566407 /* SearchRepositoryViewControllerTests.swift */ = {isa = PBXFileReference; fileEncoding = 4; lastKnownFileType = sourcecode.swift; path = SearchRepositoryViewControllerTests.swift; sourceTree = "<group>"; };
		0306B8AD218E0B1300566407 /* RepositoryServiceTests.swift */ = {isa = PBXFileReference; lastKnownFileType = sourcecode.swift; path = RepositoryServiceTests.swift; sourceTree = "<group>"; };
		03490345218DE57100BD31FB /* LetsGitHubSearch.app */ = {isa = PBXFileReference; explicitFileType = wrapper.application; includeInIndex = 0; path = LetsGitHubSearch.app; sourceTree = BUILT_PRODUCTS_DIR; };
		03490359218DE57200BD31FB /* LetsGitHubSearchTests.xctest */ = {isa = PBXFileReference; explicitFileType = wrapper.cfbundle; includeInIndex = 0; path = LetsGitHubSearchTests.xctest; sourceTree = BUILT_PRODUCTS_DIR; };
		03D50B31218F0073002C5620 /* SessionManagerProtocol.swift */ = {isa = PBXFileReference; lastKnownFileType = sourcecode.swift; path = SessionManagerProtocol.swift; sourceTree = "<group>"; };
		163089C6410E1FDAFD4A7F9C /* Pods-LetsGitHubSearch.release.xcconfig */ = {isa = PBXFileReference; includeInIndex = 1; lastKnownFileType = text.xcconfig; name = "Pods-LetsGitHubSearch.release.xcconfig"; path = "Target Support Files/Pods-LetsGitHubSearch/Pods-LetsGitHubSearch.release.xcconfig"; sourceTree = "<group>"; };
		480F7FE20F7BB41D7F915684 /* Pods_LetsGitHubSearch.framework */ = {isa = PBXFileReference; explicitFileType = wrapper.framework; includeInIndex = 0; path = Pods_LetsGitHubSearch.framework; sourceTree = BUILT_PRODUCTS_DIR; };
		68F3104C69242DF6D21DD1C9 /* Pods-LetsGitHubSearchTests.release.xcconfig */ = {isa = PBXFileReference; includeInIndex = 1; lastKnownFileType = text.xcconfig; name = "Pods-LetsGitHubSearchTests.release.xcconfig"; path = "Target Support Files/Pods-LetsGitHubSearchTests/Pods-LetsGitHubSearchTests.release.xcconfig"; sourceTree = "<group>"; };
		6D5B685C4503DE77C1985DD3 /* Pods-LetsGitHubSearch.debug.xcconfig */ = {isa = PBXFileReference; includeInIndex = 1; lastKnownFileType = text.xcconfig; name = "Pods-LetsGitHubSearch.debug.xcconfig"; path = "Target Support Files/Pods-LetsGitHubSearch/Pods-LetsGitHubSearch.debug.xcconfig"; sourceTree = "<group>"; };
		7BA57C27E62C89C4F9D61B6A /* Pods_LetsGitHubSearchTests.framework */ = {isa = PBXFileReference; explicitFileType = wrapper.framework; includeInIndex = 0; path = Pods_LetsGitHubSearchTests.framework; sourceTree = BUILT_PRODUCTS_DIR; };
		904DF9EEF78C6BF28C9CDEE8 /* Pods-LetsGitHubSearchTests.debug.xcconfig */ = {isa = PBXFileReference; includeInIndex = 1; lastKnownFileType = text.xcconfig; name = "Pods-LetsGitHubSearchTests.debug.xcconfig"; path = "Target Support Files/Pods-LetsGitHubSearchTests/Pods-LetsGitHubSearchTests.debug.xcconfig"; sourceTree = "<group>"; };
/* End PBXFileReference section */

/* Begin PBXFrameworksBuildPhase section */
		03490342218DE57100BD31FB /* Frameworks */ = {
			isa = PBXFrameworksBuildPhase;
			buildActionMask = 2147483647;
			files = (
				7DEDB08F26F2791CAB6CFDE6 /* Pods_LetsGitHubSearch.framework in Frameworks */,
			);
			runOnlyForDeploymentPostprocessing = 0;
		};
		03490356218DE57200BD31FB /* Frameworks */ = {
			isa = PBXFrameworksBuildPhase;
			buildActionMask = 2147483647;
			files = (
				BF481774DC897864A2C3D9EF /* Pods_LetsGitHubSearchTests.framework in Frameworks */,
			);
			runOnlyForDeploymentPostprocessing = 0;
		};
/* End PBXFrameworksBuildPhase section */

/* Begin PBXGroup section */
		0306B883218DE8DC00566407 /* Sources */ = {
			isa = PBXGroup;
			children = (
				0306B884218DE8DC00566407 /* Entry */,
				0306B89B218DECA500566407 /* Services */,
				03D50B30218F0068002C5620 /* Protocols */,
				0306B8A0218DF1E600566407 /* Models */,
				0306B886218DE8DC00566407 /* ViewController */,
			);
			path = Sources;
			sourceTree = "<group>";
		};
		0306B884218DE8DC00566407 /* Entry */ = {
			isa = PBXGroup;
			children = (
				0306B899218DEC3E00566407 /* main.swift */,
				0306B885218DE8DC00566407 /* AppDelegate.swift */,
			);
			path = Entry;
			sourceTree = "<group>";
		};
		0306B886218DE8DC00566407 /* ViewController */ = {
			isa = PBXGroup;
			children = (
				0306B887218DE8DC00566407 /* SearchRepositoryViewController.swift */,
			);
			path = ViewController;
			sourceTree = "<group>";
		};
		0306B888218DE8DC00566407 /* Supporting Files */ = {
			isa = PBXGroup;
			children = (
				0306B889218DE8DC00566407 /* Info.plist */,
			);
			path = "Supporting Files";
			sourceTree = "<group>";
		};
		0306B88A218DE8DC00566407 /* Resources */ = {
			isa = PBXGroup;
			children = (
				0306B88B218DE8DC00566407 /* Assets.xcassets */,
				0306B88C218DE8DC00566407 /* LaunchScreen.storyboard */,
				0306B88E218DE8DC00566407 /* Main.storyboard */,
			);
			path = Resources;
			sourceTree = "<group>";
		};
		0306B89B218DECA500566407 /* Services */ = {
			isa = PBXGroup;
			children = (
				0306B89E218DECB800566407 /* RepositoryService.swift */,
			);
			path = Services;
			sourceTree = "<group>";
		};
		0306B8A0218DF1E600566407 /* Models */ = {
			isa = PBXGroup;
			children = (
				0306B8A3218DF38C00566407 /* RepositorySearchResult.swift */,
				0306B8A1218DF20400566407 /* Repository.swift */,
			);
			path = Models;
			sourceTree = "<group>";
		};
		0306B8A5218E0A9700566407 /* Supporting Files */ = {
			isa = PBXGroup;
			children = (
				0306B8A6218E0A9700566407 /* Info.plist */,
			);
			path = "Supporting Files";
			sourceTree = "<group>";
		};
		0306B8A7218E0A9700566407 /* Sources */ = {
			isa = PBXGroup;
			children = (
				0306B8AA218E0A9700566407 /* Services */,
				0306B8A8218E0A9700566407 /* ViewControllers */,
			);
			path = Sources;
			sourceTree = "<group>";
		};
		0306B8A8218E0A9700566407 /* ViewControllers */ = {
			isa = PBXGroup;
			children = (
				0306B8A9218E0A9700566407 /* SearchRepositoryViewControllerTests.swift */,
			);
			path = ViewControllers;
			sourceTree = "<group>";
		};
		0306B8AA218E0A9700566407 /* Services */ = {
			isa = PBXGroup;
			children = (
				0306B8AD218E0B1300566407 /* RepositoryServiceTests.swift */,
			);
			path = Services;
			sourceTree = "<group>";
		};
		0349033C218DE57100BD31FB = {
			isa = PBXGroup;
			children = (
				03490347218DE57100BD31FB /* LetsGitHubSearch */,
				0349035C218DE57200BD31FB /* LetsGitHubSearchTests */,
				03490346218DE57100BD31FB /* Products */,
				B108A0287AC905A782A1853B /* Pods */,
				F5E4C53373CCF4C6607CB6C0 /* Frameworks */,
			);
			sourceTree = "<group>";
		};
		03490346218DE57100BD31FB /* Products */ = {
			isa = PBXGroup;
			children = (
				03490345218DE57100BD31FB /* LetsGitHubSearch.app */,
				03490359218DE57200BD31FB /* LetsGitHubSearchTests.xctest */,
			);
			name = Products;
			sourceTree = "<group>";
		};
		03490347218DE57100BD31FB /* LetsGitHubSearch */ = {
			isa = PBXGroup;
			children = (
				0306B883218DE8DC00566407 /* Sources */,
				0306B88A218DE8DC00566407 /* Resources */,
				0306B888218DE8DC00566407 /* Supporting Files */,
			);
			path = LetsGitHubSearch;
			sourceTree = "<group>";
		};
		0349035C218DE57200BD31FB /* LetsGitHubSearchTests */ = {
			isa = PBXGroup;
			children = (
				0306B8A7218E0A9700566407 /* Sources */,
				0306B8A5218E0A9700566407 /* Supporting Files */,
			);
			path = LetsGitHubSearchTests;
			sourceTree = "<group>";
		};
		03D50B30218F0068002C5620 /* Protocols */ = {
			isa = PBXGroup;
			children = (
				03D50B31218F0073002C5620 /* SessionManagerProtocol.swift */,
			);
			path = Protocols;
			sourceTree = "<group>";
		};
		B108A0287AC905A782A1853B /* Pods */ = {
			isa = PBXGroup;
			children = (
				6D5B685C4503DE77C1985DD3 /* Pods-LetsGitHubSearch.debug.xcconfig */,
				163089C6410E1FDAFD4A7F9C /* Pods-LetsGitHubSearch.release.xcconfig */,
				904DF9EEF78C6BF28C9CDEE8 /* Pods-LetsGitHubSearchTests.debug.xcconfig */,
				68F3104C69242DF6D21DD1C9 /* Pods-LetsGitHubSearchTests.release.xcconfig */,
			);
			path = Pods;
			sourceTree = "<group>";
		};
		F5E4C53373CCF4C6607CB6C0 /* Frameworks */ = {
			isa = PBXGroup;
			children = (
				480F7FE20F7BB41D7F915684 /* Pods_LetsGitHubSearch.framework */,
				7BA57C27E62C89C4F9D61B6A /* Pods_LetsGitHubSearchTests.framework */,
			);
			name = Frameworks;
			sourceTree = "<group>";
		};
/* End PBXGroup section */

/* Begin PBXNativeTarget section */
		03490344218DE57100BD31FB /* LetsGitHubSearch */ = {
			isa = PBXNativeTarget;
			buildConfigurationList = 03490362218DE57200BD31FB /* Build configuration list for PBXNativeTarget "LetsGitHubSearch" */;
			buildPhases = (
				39938D3508A6A9E9157C33EC /* [CP] Check Pods Manifest.lock */,
				03490341218DE57100BD31FB /* Sources */,
				03490342218DE57100BD31FB /* Frameworks */,
				03490343218DE57100BD31FB /* Resources */,
				F2F0C4A7DD2D1A0577A7C7D2 /* [CP] Embed Pods Frameworks */,
			);
			buildRules = (
			);
			dependencies = (
			);
			name = LetsGitHubSearch;
			productName = LetsGitHubSearch;
			productReference = 03490345218DE57100BD31FB /* LetsGitHubSearch.app */;
			productType = "com.apple.product-type.application";
		};
		03490358218DE57200BD31FB /* LetsGitHubSearchTests */ = {
			isa = PBXNativeTarget;
			buildConfigurationList = 03490365218DE57200BD31FB /* Build configuration list for PBXNativeTarget "LetsGitHubSearchTests" */;
			buildPhases = (
				7C9363CCC0E979DA48CB1FD9 /* [CP] Check Pods Manifest.lock */,
				03490355218DE57200BD31FB /* Sources */,
				03490356218DE57200BD31FB /* Frameworks */,
				03490357218DE57200BD31FB /* Resources */,
			);
			buildRules = (
			);
			dependencies = (
				0349035B218DE57200BD31FB /* PBXTargetDependency */,
			);
			name = LetsGitHubSearchTests;
			productName = LetsGitHubSearchTests;
			productReference = 03490359218DE57200BD31FB /* LetsGitHubSearchTests.xctest */;
			productType = "com.apple.product-type.bundle.unit-test";
		};
/* End PBXNativeTarget section */

/* Begin PBXProject section */
		0349033D218DE57100BD31FB /* Project object */ = {
			isa = PBXProject;
			attributes = {
				LastSwiftUpdateCheck = 1010;
				LastUpgradeCheck = 1010;
				ORGANIZATIONNAME = "Suyeol Jeon";
				TargetAttributes = {
					03490344218DE57100BD31FB = {
						CreatedOnToolsVersion = 10.1;
					};
					03490358218DE57200BD31FB = {
						CreatedOnToolsVersion = 10.1;
						TestTargetID = 03490344218DE57100BD31FB;
					};
				};
			};
			buildConfigurationList = 03490340218DE57100BD31FB /* Build configuration list for PBXProject "LetsGitHubSearch" */;
			compatibilityVersion = "Xcode 9.3";
			developmentRegion = en;
			hasScannedForEncodings = 0;
			knownRegions = (
				en,
				Base,
			);
			mainGroup = 0349033C218DE57100BD31FB;
			productRefGroup = 03490346218DE57100BD31FB /* Products */;
			projectDirPath = "";
			projectRoot = "";
			targets = (
				03490344218DE57100BD31FB /* LetsGitHubSearch */,
				03490358218DE57200BD31FB /* LetsGitHubSearchTests */,
			);
		};
/* End PBXProject section */

/* Begin PBXResourcesBuildPhase section */
		03490343218DE57100BD31FB /* Resources */ = {
			isa = PBXResourcesBuildPhase;
			buildActionMask = 2147483647;
			files = (
				0306B894218DE8DC00566407 /* LaunchScreen.storyboard in Resources */,
				0306B893218DE8DC00566407 /* Assets.xcassets in Resources */,
				0306B895218DE8DC00566407 /* Main.storyboard in Resources */,
			);
			runOnlyForDeploymentPostprocessing = 0;
		};
		03490357218DE57200BD31FB /* Resources */ = {
			isa = PBXResourcesBuildPhase;
			buildActionMask = 2147483647;
			files = (
			);
			runOnlyForDeploymentPostprocessing = 0;
		};
/* End PBXResourcesBuildPhase section */

/* Begin PBXShellScriptBuildPhase section */
		39938D3508A6A9E9157C33EC /* [CP] Check Pods Manifest.lock */ = {
			isa = PBXShellScriptBuildPhase;
			buildActionMask = 2147483647;
			files = (
			);
			inputFileListPaths = (
			);
			inputPaths = (
				"${PODS_PODFILE_DIR_PATH}/Podfile.lock",
				"${PODS_ROOT}/Manifest.lock",
			);
			name = "[CP] Check Pods Manifest.lock";
			outputFileListPaths = (
			);
			outputPaths = (
				"$(DERIVED_FILE_DIR)/Pods-LetsGitHubSearch-checkManifestLockResult.txt",
			);
			runOnlyForDeploymentPostprocessing = 0;
			shellPath = /bin/sh;
			shellScript = "diff \"${PODS_PODFILE_DIR_PATH}/Podfile.lock\" \"${PODS_ROOT}/Manifest.lock\" > /dev/null\nif [ $? != 0 ] ; then\n    # print error to STDERR\n    echo \"error: The sandbox is not in sync with the Podfile.lock. Run 'pod install' or update your CocoaPods installation.\" >&2\n    exit 1\nfi\n# This output is used by Xcode 'outputs' to avoid re-running this script phase.\necho \"SUCCESS\" > \"${SCRIPT_OUTPUT_FILE_0}\"\n";
			showEnvVarsInLog = 0;
		};
		7C9363CCC0E979DA48CB1FD9 /* [CP] Check Pods Manifest.lock */ = {
			isa = PBXShellScriptBuildPhase;
			buildActionMask = 2147483647;
			files = (
			);
			inputFileListPaths = (
			);
			inputPaths = (
				"${PODS_PODFILE_DIR_PATH}/Podfile.lock",
				"${PODS_ROOT}/Manifest.lock",
			);
			name = "[CP] Check Pods Manifest.lock";
			outputFileListPaths = (
			);
			outputPaths = (
				"$(DERIVED_FILE_DIR)/Pods-LetsGitHubSearchTests-checkManifestLockResult.txt",
			);
			runOnlyForDeploymentPostprocessing = 0;
			shellPath = /bin/sh;
			shellScript = "diff \"${PODS_PODFILE_DIR_PATH}/Podfile.lock\" \"${PODS_ROOT}/Manifest.lock\" > /dev/null\nif [ $? != 0 ] ; then\n    # print error to STDERR\n    echo \"error: The sandbox is not in sync with the Podfile.lock. Run 'pod install' or update your CocoaPods installation.\" >&2\n    exit 1\nfi\n# This output is used by Xcode 'outputs' to avoid re-running this script phase.\necho \"SUCCESS\" > \"${SCRIPT_OUTPUT_FILE_0}\"\n";
			showEnvVarsInLog = 0;
		};
		F2F0C4A7DD2D1A0577A7C7D2 /* [CP] Embed Pods Frameworks */ = {
			isa = PBXShellScriptBuildPhase;
			buildActionMask = 2147483647;
			files = (
			);
			inputFileListPaths = (
			);
			inputPaths = (
				"${PODS_ROOT}/Target Support Files/Pods-LetsGitHubSearch/Pods-LetsGitHubSearch-frameworks.sh",
				"${BUILT_PRODUCTS_DIR}/Alamofire/Alamofire.framework",
			);
			name = "[CP] Embed Pods Frameworks";
			outputFileListPaths = (
			);
			outputPaths = (
				"${TARGET_BUILD_DIR}/${FRAMEWORKS_FOLDER_PATH}/Alamofire.framework",
			);
			runOnlyForDeploymentPostprocessing = 0;
			shellPath = /bin/sh;
			shellScript = "\"${PODS_ROOT}/Target Support Files/Pods-LetsGitHubSearch/Pods-LetsGitHubSearch-frameworks.sh\"\n";
			showEnvVarsInLog = 0;
		};
/* End PBXShellScriptBuildPhase section */

/* Begin PBXSourcesBuildPhase section */
		03490341218DE57100BD31FB /* Sources */ = {
			isa = PBXSourcesBuildPhase;
			buildActionMask = 2147483647;
			files = (
				0306B8A2218DF20400566407 /* Repository.swift in Sources */,
				0306B8A4218DF38C00566407 /* RepositorySearchResult.swift in Sources */,
				0306B891218DE8DC00566407 /* SearchRepositoryViewController.swift in Sources */,
				03D50B32218F0073002C5620 /* SessionManagerProtocol.swift in Sources */,
				0306B89F218DECB800566407 /* RepositoryService.swift in Sources */,
				0306B89A218DEC3E00566407 /* main.swift in Sources */,
				0306B890218DE8DC00566407 /* AppDelegate.swift in Sources */,
			);
			runOnlyForDeploymentPostprocessing = 0;
		};
		03490355218DE57200BD31FB /* Sources */ = {
			isa = PBXSourcesBuildPhase;
			buildActionMask = 2147483647;
			files = (
				0306B8AC218E0A9700566407 /* SearchRepositoryViewControllerTests.swift in Sources */,
				0306B8AE218E0B1300566407 /* RepositoryServiceTests.swift in Sources */,
			);
			runOnlyForDeploymentPostprocessing = 0;
		};
/* End PBXSourcesBuildPhase section */

/* Begin PBXTargetDependency section */
		0349035B218DE57200BD31FB /* PBXTargetDependency */ = {
			isa = PBXTargetDependency;
			target = 03490344218DE57100BD31FB /* LetsGitHubSearch */;
			targetProxy = 0349035A218DE57200BD31FB /* PBXContainerItemProxy */;
		};
/* End PBXTargetDependency section */

/* Begin PBXVariantGroup section */
		0306B88C218DE8DC00566407 /* LaunchScreen.storyboard */ = {
			isa = PBXVariantGroup;
			children = (
				0306B88D218DE8DC00566407 /* Base */,
			);
			name = LaunchScreen.storyboard;
			sourceTree = "<group>";
		};
		0306B88E218DE8DC00566407 /* Main.storyboard */ = {
			isa = PBXVariantGroup;
			children = (
				0306B88F218DE8DC00566407 /* Base */,
			);
			name = Main.storyboard;
			sourceTree = "<group>";
		};
/* End PBXVariantGroup section */

/* Begin XCBuildConfiguration section */
		03490360218DE57200BD31FB /* Debug */ = {
			isa = XCBuildConfiguration;
			buildSettings = {
				ALWAYS_SEARCH_USER_PATHS = NO;
				CLANG_ANALYZER_NONNULL = YES;
				CLANG_ANALYZER_NUMBER_OBJECT_CONVERSION = YES_AGGRESSIVE;
				CLANG_CXX_LANGUAGE_STANDARD = "gnu++14";
				CLANG_CXX_LIBRARY = "libc++";
				CLANG_ENABLE_MODULES = YES;
				CLANG_ENABLE_OBJC_ARC = YES;
				CLANG_ENABLE_OBJC_WEAK = YES;
				CLANG_WARN_BLOCK_CAPTURE_AUTORELEASING = YES;
				CLANG_WARN_BOOL_CONVERSION = YES;
				CLANG_WARN_COMMA = YES;
				CLANG_WARN_CONSTANT_CONVERSION = YES;
				CLANG_WARN_DEPRECATED_OBJC_IMPLEMENTATIONS = YES;
				CLANG_WARN_DIRECT_OBJC_ISA_USAGE = YES_ERROR;
				CLANG_WARN_DOCUMENTATION_COMMENTS = YES;
				CLANG_WARN_EMPTY_BODY = YES;
				CLANG_WARN_ENUM_CONVERSION = YES;
				CLANG_WARN_INFINITE_RECURSION = YES;
				CLANG_WARN_INT_CONVERSION = YES;
				CLANG_WARN_NON_LITERAL_NULL_CONVERSION = YES;
				CLANG_WARN_OBJC_IMPLICIT_RETAIN_SELF = YES;
				CLANG_WARN_OBJC_LITERAL_CONVERSION = YES;
				CLANG_WARN_OBJC_ROOT_CLASS = YES_ERROR;
				CLANG_WARN_RANGE_LOOP_ANALYSIS = YES;
				CLANG_WARN_STRICT_PROTOTYPES = YES;
				CLANG_WARN_SUSPICIOUS_MOVE = YES;
				CLANG_WARN_UNGUARDED_AVAILABILITY = YES_AGGRESSIVE;
				CLANG_WARN_UNREACHABLE_CODE = YES;
				CLANG_WARN__DUPLICATE_METHOD_MATCH = YES;
				CODE_SIGN_IDENTITY = "iPhone Developer";
				COPY_PHASE_STRIP = NO;
				DEBUG_INFORMATION_FORMAT = dwarf;
				ENABLE_STRICT_OBJC_MSGSEND = YES;
				ENABLE_TESTABILITY = YES;
				GCC_C_LANGUAGE_STANDARD = gnu11;
				GCC_DYNAMIC_NO_PIC = NO;
				GCC_NO_COMMON_BLOCKS = YES;
				GCC_OPTIMIZATION_LEVEL = 0;
				GCC_PREPROCESSOR_DEFINITIONS = (
					"DEBUG=1",
					"$(inherited)",
				);
				GCC_WARN_64_TO_32_BIT_CONVERSION = YES;
				GCC_WARN_ABOUT_RETURN_TYPE = YES_ERROR;
				GCC_WARN_UNDECLARED_SELECTOR = YES;
				GCC_WARN_UNINITIALIZED_AUTOS = YES_AGGRESSIVE;
				GCC_WARN_UNUSED_FUNCTION = YES;
				GCC_WARN_UNUSED_VARIABLE = YES;
				IPHONEOS_DEPLOYMENT_TARGET = 11.0;
				MTL_ENABLE_DEBUG_INFO = INCLUDE_SOURCE;
				MTL_FAST_MATH = YES;
				ONLY_ACTIVE_ARCH = YES;
				SDKROOT = iphoneos;
				SWIFT_ACTIVE_COMPILATION_CONDITIONS = DEBUG;
				SWIFT_OPTIMIZATION_LEVEL = "-Onone";
			};
			name = Debug;
		};
		03490361218DE57200BD31FB /* Release */ = {
			isa = XCBuildConfiguration;
			buildSettings = {
				ALWAYS_SEARCH_USER_PATHS = NO;
				CLANG_ANALYZER_NONNULL = YES;
				CLANG_ANALYZER_NUMBER_OBJECT_CONVERSION = YES_AGGRESSIVE;
				CLANG_CXX_LANGUAGE_STANDARD = "gnu++14";
				CLANG_CXX_LIBRARY = "libc++";
				CLANG_ENABLE_MODULES = YES;
				CLANG_ENABLE_OBJC_ARC = YES;
				CLANG_ENABLE_OBJC_WEAK = YES;
				CLANG_WARN_BLOCK_CAPTURE_AUTORELEASING = YES;
				CLANG_WARN_BOOL_CONVERSION = YES;
				CLANG_WARN_COMMA = YES;
				CLANG_WARN_CONSTANT_CONVERSION = YES;
				CLANG_WARN_DEPRECATED_OBJC_IMPLEMENTATIONS = YES;
				CLANG_WARN_DIRECT_OBJC_ISA_USAGE = YES_ERROR;
				CLANG_WARN_DOCUMENTATION_COMMENTS = YES;
				CLANG_WARN_EMPTY_BODY = YES;
				CLANG_WARN_ENUM_CONVERSION = YES;
				CLANG_WARN_INFINITE_RECURSION = YES;
				CLANG_WARN_INT_CONVERSION = YES;
				CLANG_WARN_NON_LITERAL_NULL_CONVERSION = YES;
				CLANG_WARN_OBJC_IMPLICIT_RETAIN_SELF = YES;
				CLANG_WARN_OBJC_LITERAL_CONVERSION = YES;
				CLANG_WARN_OBJC_ROOT_CLASS = YES_ERROR;
				CLANG_WARN_RANGE_LOOP_ANALYSIS = YES;
				CLANG_WARN_STRICT_PROTOTYPES = YES;
				CLANG_WARN_SUSPICIOUS_MOVE = YES;
				CLANG_WARN_UNGUARDED_AVAILABILITY = YES_AGGRESSIVE;
				CLANG_WARN_UNREACHABLE_CODE = YES;
				CLANG_WARN__DUPLICATE_METHOD_MATCH = YES;
				CODE_SIGN_IDENTITY = "iPhone Developer";
				COPY_PHASE_STRIP = NO;
				DEBUG_INFORMATION_FORMAT = "dwarf-with-dsym";
				ENABLE_NS_ASSERTIONS = NO;
				ENABLE_STRICT_OBJC_MSGSEND = YES;
				GCC_C_LANGUAGE_STANDARD = gnu11;
				GCC_NO_COMMON_BLOCKS = YES;
				GCC_WARN_64_TO_32_BIT_CONVERSION = YES;
				GCC_WARN_ABOUT_RETURN_TYPE = YES_ERROR;
				GCC_WARN_UNDECLARED_SELECTOR = YES;
				GCC_WARN_UNINITIALIZED_AUTOS = YES_AGGRESSIVE;
				GCC_WARN_UNUSED_FUNCTION = YES;
				GCC_WARN_UNUSED_VARIABLE = YES;
				IPHONEOS_DEPLOYMENT_TARGET = 11.0;
				MTL_ENABLE_DEBUG_INFO = NO;
				MTL_FAST_MATH = YES;
				SDKROOT = iphoneos;
				SWIFT_COMPILATION_MODE = wholemodule;
				SWIFT_OPTIMIZATION_LEVEL = "-O";
				VALIDATE_PRODUCT = YES;
			};
			name = Release;
		};
		03490363218DE57200BD31FB /* Debug */ = {
			isa = XCBuildConfiguration;
			baseConfigurationReference = 6D5B685C4503DE77C1985DD3 /* Pods-LetsGitHubSearch.debug.xcconfig */;
			buildSettings = {
				ASSETCATALOG_COMPILER_APPICON_NAME = AppIcon;
				CODE_SIGN_STYLE = Automatic;
				DEVELOPMENT_TEAM = N2C267LBVY;
				INFOPLIST_FILE = "$(SRCROOT)/LetsGitHubSearch/Supporting Files/Info.plist";
				LD_RUNPATH_SEARCH_PATHS = (
					"$(inherited)",
					"@executable_path/Frameworks",
				);
				PRODUCT_BUNDLE_IDENTIFIER = kr.xoul.LetsGitHubSearch;
				PRODUCT_NAME = "$(TARGET_NAME)";
				SWIFT_VERSION = 4.2;
				TARGETED_DEVICE_FAMILY = "1,2";
			};
			name = Debug;
		};
		03490364218DE57200BD31FB /* Release */ = {
			isa = XCBuildConfiguration;
			baseConfigurationReference = 163089C6410E1FDAFD4A7F9C /* Pods-LetsGitHubSearch.release.xcconfig */;
			buildSettings = {
				ASSETCATALOG_COMPILER_APPICON_NAME = AppIcon;
				CODE_SIGN_STYLE = Automatic;
				DEVELOPMENT_TEAM = N2C267LBVY;
				INFOPLIST_FILE = "$(SRCROOT)/LetsGitHubSearch/Supporting Files/Info.plist";
				LD_RUNPATH_SEARCH_PATHS = (
					"$(inherited)",
					"@executable_path/Frameworks",
				);
				PRODUCT_BUNDLE_IDENTIFIER = kr.xoul.LetsGitHubSearch;
				PRODUCT_NAME = "$(TARGET_NAME)";
				SWIFT_VERSION = 4.2;
				TARGETED_DEVICE_FAMILY = "1,2";
			};
			name = Release;
		};
		03490366218DE57200BD31FB /* Debug */ = {
			isa = XCBuildConfiguration;
			baseConfigurationReference = 904DF9EEF78C6BF28C9CDEE8 /* Pods-LetsGitHubSearchTests.debug.xcconfig */;
			buildSettings = {
				ALWAYS_EMBED_SWIFT_STANDARD_LIBRARIES = YES;
				BUNDLE_LOADER = "$(TEST_HOST)";
				CODE_SIGN_STYLE = Automatic;
				DEVELOPMENT_TEAM = N2C267LBVY;
				INFOPLIST_FILE = "LetsGitHubSearchTests/Supporting Files/Info.plist";
				LD_RUNPATH_SEARCH_PATHS = (
					"$(inherited)",
					"@executable_path/Frameworks",
					"@loader_path/Frameworks",
				);
				PRODUCT_BUNDLE_IDENTIFIER = kr.xoul.LetsGitHubSearchTests;
				PRODUCT_NAME = "$(TARGET_NAME)";
				SWIFT_VERSION = 4.2;
				TARGETED_DEVICE_FAMILY = "1,2";
				TEST_HOST = "$(BUILT_PRODUCTS_DIR)/LetsGitHubSearch.app/LetsGitHubSearch";
			};
			name = Debug;
		};
		03490367218DE57200BD31FB /* Release */ = {
			isa = XCBuildConfiguration;
			baseConfigurationReference = 68F3104C69242DF6D21DD1C9 /* Pods-LetsGitHubSearchTests.release.xcconfig */;
			buildSettings = {
				ALWAYS_EMBED_SWIFT_STANDARD_LIBRARIES = YES;
				BUNDLE_LOADER = "$(TEST_HOST)";
				CODE_SIGN_STYLE = Automatic;
				DEVELOPMENT_TEAM = N2C267LBVY;
				INFOPLIST_FILE = "LetsGitHubSearchTests/Supporting Files/Info.plist";
				LD_RUNPATH_SEARCH_PATHS = (
					"$(inherited)",
					"@executable_path/Frameworks",
					"@loader_path/Frameworks",
				);
				PRODUCT_BUNDLE_IDENTIFIER = kr.xoul.LetsGitHubSearchTests;
				PRODUCT_NAME = "$(TARGET_NAME)";
				SWIFT_VERSION = 4.2;
				TARGETED_DEVICE_FAMILY = "1,2";
				TEST_HOST = "$(BUILT_PRODUCTS_DIR)/LetsGitHubSearch.app/LetsGitHubSearch";
			};
			name = Release;
		};
/* End XCBuildConfiguration section */

/* Begin XCConfigurationList section */
		03490340218DE57100BD31FB /* Build configuration list for PBXProject "LetsGitHubSearch" */ = {
			isa = XCConfigurationList;
			buildConfigurations = (
				03490360218DE57200BD31FB /* Debug */,
				03490361218DE57200BD31FB /* Release */,
			);
			defaultConfigurationIsVisible = 0;
			defaultConfigurationName = Release;
		};
		03490362218DE57200BD31FB /* Build configuration list for PBXNativeTarget "LetsGitHubSearch" */ = {
			isa = XCConfigurationList;
			buildConfigurations = (
				03490363218DE57200BD31FB /* Debug */,
				03490364218DE57200BD31FB /* Release */,
			);
			defaultConfigurationIsVisible = 0;
			defaultConfigurationName = Release;
		};
		03490365218DE57200BD31FB /* Build configuration list for PBXNativeTarget "LetsGitHubSearchTests" */ = {
			isa = XCConfigurationList;
			buildConfigurations = (
				03490366218DE57200BD31FB /* Debug */,
				03490367218DE57200BD31FB /* Release */,
			);
			defaultConfigurationIsVisible = 0;
			defaultConfigurationName = Release;
		};
/* End XCConfigurationList section */
	};
	rootObject = 0349033D218DE57100BD31FB /* Project object */;
}
